{
  "version": 4,
  "terraform_version": "1.4.6",
  "serial": 37,
  "lineage": "b84ddb36-4d0a-f428-ae28-1069544c0a50",
  "outputs": {
    "Tntern": {
      "value": "Intern_name:suraj\nContact_no:555\nCity:una\nhealthy:true",
      "type": "string"
    },
    "list": {
      "value": [
        "t2.micro",
        "t2.small",
        "t2.medium"
      ],
      "type": [
        "list",
        "string"
      ]
    },
    "map": {
      "value": {
        "eu-west-1": "ami-345678",
        "us-east-1": "ami-789012",
        "us-west-1": "ami-123456"
      },
      "type": [
        "map",
        "string"
      ]
    },
    "object": {
      "value": {
        "ami_id": "ami-123456",
        "instance_type": "t2.micro"
      },
      "type": [
        "object",
        {
          "ami_id": "string",
          "instance_type": "string"
        }
      ]
    }
  },
  "resources": [
    {
      "mode": "managed",
      "type": "local_file",
      "name": "file_1",
      "provider": "provider[\"registry.terraform.io/hashicorp/local\"]",
      "instances": [
        {
          "schema_version": 0,
          "attributes": {
            "content": " Ram-10 \n Shyam-20K \n karan-50k \n Nadeem-40k   ",
            "content_base64": null,
            "content_base64sha256": "7kkjgr8p0VhVS6ElkuuzP4Zl5b4Q6BJow0dtuQNPQ4Y=",
            "content_base64sha512": "aWdkdTiXeCLX8lWscEPXn7TQE5kyEGjUkgrffIXM54bWon7ghIfSRpNKGY+LHKT30O0eC4rrZfgnbGMOYZOt5A==",
            "content_md5": "f74eb49b849e371e8b12aba108553a46",
            "content_sha1": "bbe16f4c1ba00896e6aac73a6e4b10a23e7d5aa5",
            "content_sha256": "ee492382bf29d158554ba12592ebb33f8665e5be10e81268c3476db9034f4386",
            "content_sha512": "6967647538977822d7f255ac7043d79fb4d01399321068d4920adf7c85cce786d6a27ee08487d246934a198f8b1ca4f7d0ed1e0b8aeb65f8276c630e6193ade4",
            "directory_permission": "0777",
            "file_permission": "0777",
            "filename": "./salary.bar",
            "id": "bbe16f4c1ba00896e6aac73a6e4b10a23e7d5aa5",
            "sensitive_content": null,
            "source": null
          },
          "sensitive_attributes": []
        }
      ]
    },
    {
      "mode": "managed",
      "type": "local_file",
      "name": "file_2",
      "provider": "provider[\"registry.terraform.io/hashicorp/local\"]",
      "instances": [
        {
          "schema_version": 0,
          "attributes": {
            "content": "Intern_name:suraj\nContact_no:555\nCity:una\nhealthy:true\nmap:{\"eu-west-1\":\"ami-345678\",\"us-east-1\":\"ami-789012\",\"us-west-1\":\"ami-123456\"}",
            "content_base64": null,
            "content_base64sha256": "+75e4c60ytCyL3QAmRXb5t1+EDTWVVeP08gW4NAtn3s=",
            "content_base64sha512": "pS3hC//jt99+tf1XQXADdPpEKKnJCoVlTsvJN67sdDioatpI4gzOpxYfCDqBer7y/FdvaO5F/5QWBOyZ/yQixQ==",
            "content_md5": "56fd557c2d72248e5c13408d3f49db34",
            "content_sha1": "c953eebf86bed58eb48054f1be4c26826455bfa5",
            "content_sha256": "fbbe5ee1ceb4cad0b22f74009915dbe6dd7e1034d655578fd3c816e0d02d9f7b",
            "content_sha512": "a52de10bffe3b7df7eb5fd5741700374fa4428a9c90a85654ecbc937aeec7438a86ada48e20ccea7161f083a817abef2fc576f68ee45ff941604ec99ff2422c5",
            "directory_permission": "0777",
            "file_permission": "0777",
            "filename": "./../F1/interndetails.bar",
            "id": "c953eebf86bed58eb48054f1be4c26826455bfa5",
            "sensitive_content": null,
            "source": null
          },
          "sensitive_attributes": []
        }
      ]
    },
    {
      "mode": "managed",
      "type": "random_id",
      "name": "id",
      "provider": "provider[\"registry.terraform.io/hashicorp/random\"]",
      "instances": [
        {
          "schema_version": 0,
          "attributes": {
            "b64_std": "z3oMjkmUA4h2a/HHtqkJeg==",
            "b64_url": "z3oMjkmUA4h2a_HHtqkJeg",
            "byte_length": 16,
            "dec": "275783910006304498930000785207701604730",
            "hex": "cf7a0c8e49940388766bf1c7b6a9097a",
            "id": "z3oMjkmUA4h2a_HHtqkJeg",
            "keepers": {
              "id": "1"
            },
            "prefix": null
          },
          "sensitive_attributes": []
        }
      ]
    }
  ],
  "check_results": null
}
